
Microsoft Visual Studio Solution File, Format Version 12.00
# Visual Studio Version 16
VisualStudioVersion = 16.0.29411.108
MinimumVisualStudioVersion = 10.0.40219.1
Project("{9A19103F-16F7-4668-BE54-9A1E7A4F7556}") = "Lab1", "Lab 1\Lab1.csproj", "{B21D4E6B-BE55-486B-B40E-054D8C42E8B9}"
EndProject
Project("{9A19103F-16F7-4668-BE54-9A1E7A4F7556}") = "ConsoleTables", "ConsoleTables\ConsoleTables.csproj", "{4E40ACB0-B32D-4F18-950C-52A744C49ADF}"
EndProject
Project("{9A19103F-16F7-4668-BE54-9A1E7A4F7556}") = "Lab2", "Lab 2\Lab2.csproj", "{6FF319CC-5CFE-435B-B65F-EDA599CA43E2}"
EndProject
Project("{9A19103F-16F7-4668-BE54-9A1E7A4F7556}") = "Lab4", "Lab 4\Lab4.csproj", "{C846490A-B88D-416E-9CAA-72A9664AC924}"
EndProject
Global
	GlobalSection(SolutionConfigurationPlatforms) = preSolution
		Debug|Any CPU = Debug|Any CPU
		Release|Any CPU = Release|Any CPU
	EndGlobalSection
	GlobalSection(ProjectConfigurationPlatforms) = postSolution
		{B21D4E6B-BE55-486B-B40E-054D8C42E8B9}.Debug|Any CPU.ActiveCfg = Debug|Any CPU
		{B21D4E6B-BE55-486B-B40E-054D8C42E8B9}.Debug|Any CPU.Build.0 = Debug|Any CPU
		{B21D4E6B-BE55-486B-B40E-054D8C42E8B9}.Release|Any CPU.ActiveCfg = Release|Any CPU
		{B21D4E6B-BE55-486B-B40E-054D8C42E8B9}.Release|Any CPU.Build.0 = Release|Any CPU
		{4E40ACB0-B32D-4F18-950C-52A744C49ADF}.Debug|Any CPU.ActiveCfg = Debug|Any CPU
		{4E40ACB0-B32D-4F18-950C-52A744C49ADF}.Debug|Any CPU.Build.0 = Debug|Any CPU
		{4E40ACB0-B32D-4F18-950C-52A744C49ADF}.Release|Any CPU.ActiveCfg = Release|Any CPU
		{4E40ACB0-B32D-4F18-950C-52A744C49ADF}.Release|Any CPU.Build.0 = Release|Any CPU
		{6FF319CC-5CFE-435B-B65F-EDA599CA43E2}.Debug|Any CPU.ActiveCfg = Debug|Any CPU
		{6FF319CC-5CFE-435B-B65F-EDA599CA43E2}.Debug|Any CPU.Build.0 = Debug|Any CPU
		{6FF319CC-5CFE-435B-B65F-EDA599CA43E2}.Release|Any CPU.ActiveCfg = Release|Any CPU
		{6FF319CC-5CFE-435B-B65F-EDA599CA43E2}.Release|Any CPU.Build.0 = Release|Any CPU
		{C846490A-B88D-416E-9CAA-72A9664AC924}.Debug|Any CPU.ActiveCfg = Debug|Any CPU
		{C846490A-B88D-416E-9CAA-72A9664AC924}.Debug|Any CPU.Build.0 = Debug|Any CPU
		{C846490A-B88D-416E-9CAA-72A9664AC924}.Release|Any CPU.ActiveCfg = Release|Any CPU
		{C846490A-B88D-416E-9CAA-72A9664AC924}.Release|Any CPU.Build.0 = Release|Any CPU
	EndGlobalSection
	GlobalSection(SolutionProperties) = preSolution
		HideSolutionNode = FALSE
	EndGlobalSection
	GlobalSection(ExtensibilityGlobals) = postSolution
		SolutionGuid = {BB0BEA80-BAE4-4F2A-8660-91036C51A5AF}
	EndGlobalSection
EndGlobal
